
Microsoft Visual Studio Solution File, Format Version 12.00
# Visual Studio Version 16
VisualStudioVersion = 16.0.31313.79
MinimumVisualStudioVersion = 10.0.40219.1
Project("{FAE04EC0-301F-11D3-BF4B-00C04F79EFBC}") = "Inventory", "Inventory\Inventory.csproj", "{4822C6C1-A8B5-4DE2-ABE6-E994CA4196E9}"
EndProject
Global
	GlobalSection(SolutionConfigurationPlatforms) = preSolution
		Debug|Any CPU = Debug|Any CPU
		Release|Any CPU = Release|Any CPU
	EndGlobalSection
	GlobalSection(ProjectConfigurationPlatforms) = postSolution
		{4822C6C1-A8B5-4DE2-ABE6-E994CA4196E9}.Debug|Any CPU.ActiveCfg = Debug|Any CPU
		{4822C6C1-A8B5-4DE2-ABE6-E994CA4196E9}.Debug|Any CPU.Build.0 = Debug|Any CPU
		{4822C6C1-A8B5-4DE2-ABE6-E994CA4196E9}.Release|Any CPU.ActiveCfg = Release|Any CPU
		{4822C6C1-A8B5-4DE2-ABE6-E994CA4196E9}.Release|Any CPU.Build.0 = Release|Any CPU
	EndGlobalSection
	GlobalSection(SolutionProperties) = preSolution
		HideSolutionNode = FALSE
	EndGlobalSection
	GlobalSection(ExtensibilityGlobals) = postSolution
		SolutionGuid = {98723488-B239-4180-B415-849870B54803}
	EndGlobalSection
EndGlobal
